
Microsoft Visual Studio Solution File, Format Version 12.00
# Visual Studio 14
VisualStudioVersion = 14.0.25420.1
MinimumVisualStudioVersion = 10.0.40219.1
Project("{FAE04EC0-301F-11D3-BF4B-00C04F79EFBC}") = "Server", "Chat\Server.csproj", "{B87EA5FB-0A0B-4FE5-9CF9-D781311F22DE}"
EndProject
Project("{FAE04EC0-301F-11D3-BF4B-00C04F79EFBC}") = "Cliente", "WindowsFormsApplication1\Cliente.csproj", "{686DD394-001E-4710-B1D5-BC3D40B69C13}"
EndProject
Global
	GlobalSection(SolutionConfigurationPlatforms) = preSolution
		Debug|Any CPU = Debug|Any CPU
		Release|Any CPU = Release|Any CPU
	EndGlobalSection
	GlobalSection(ProjectConfigurationPlatforms) = postSolution
		{B87EA5FB-0A0B-4FE5-9CF9-D781311F22DE}.Debug|Any CPU.ActiveCfg = Debug|Any CPU
		{B87EA5FB-0A0B-4FE5-9CF9-D781311F22DE}.Debug|Any CPU.Build.0 = Debug|Any CPU
		{B87EA5FB-0A0B-4FE5-9CF9-D781311F22DE}.Release|Any CPU.ActiveCfg = Release|Any CPU
		{B87EA5FB-0A0B-4FE5-9CF9-D781311F22DE}.Release|Any CPU.Build.0 = Release|Any CPU
		{686DD394-001E-4710-B1D5-BC3D40B69C13}.Debug|Any CPU.ActiveCfg = Debug|Any CPU
		{686DD394-001E-4710-B1D5-BC3D40B69C13}.Debug|Any CPU.Build.0 = Debug|Any CPU
		{686DD394-001E-4710-B1D5-BC3D40B69C13}.Release|Any CPU.ActiveCfg = Release|Any CPU
		{686DD394-001E-4710-B1D5-BC3D40B69C13}.Release|Any CPU.Build.0 = Release|Any CPU
	EndGlobalSection
	GlobalSection(SolutionProperties) = preSolution
		HideSolutionNode = FALSE
	EndGlobalSection
EndGlobal
